
Microsoft Visual Studio Solution File, Format Version 12.00
# Visual Studio Version 16
VisualStudioVersion = 16.0.31729.503
MinimumVisualStudioVersion = 10.0.40219.1
Project("{FAE04EC0-301F-11D3-BF4B-00C04F79EFBC}") = "ProvaTT", "ProvaTT\ProvaTT.csproj", "{4EF3607A-6B9E-479E-B299-4DFAFCBF8729}"
EndProject
Global
	GlobalSection(SolutionConfigurationPlatforms) = preSolution
		Debug|Any CPU = Debug|Any CPU
		Release|Any CPU = Release|Any CPU
	EndGlobalSection
	GlobalSection(ProjectConfigurationPlatforms) = postSolution
		{4EF3607A-6B9E-479E-B299-4DFAFCBF8729}.Debug|Any CPU.ActiveCfg = Debug|Any CPU
		{4EF3607A-6B9E-479E-B299-4DFAFCBF8729}.Debug|Any CPU.Build.0 = Debug|Any CPU
		{4EF3607A-6B9E-479E-B299-4DFAFCBF8729}.Release|Any CPU.ActiveCfg = Release|Any CPU
		{4EF3607A-6B9E-479E-B299-4DFAFCBF8729}.Release|Any CPU.Build.0 = Release|Any CPU
	EndGlobalSection
	GlobalSection(SolutionProperties) = preSolution
		HideSolutionNode = FALSE
	EndGlobalSection
	GlobalSection(ExtensibilityGlobals) = postSolution
		SolutionGuid = {12F1D72B-C823-4025-8B17-69940CDA724F}
	EndGlobalSection
EndGlobal
